<?xml version="1.0" encoding="utf-8"?>
<Project ToolsVersion="4.0" xmlns="http://schemas.microsoft.com/developer/msbuild/2003">
  <ItemGroup>
    <Filter Include="资源文件">
      <UniqueIdentifier>{67DA6AB6-F800-4c08-8B7A-83BB121AAD01}</UniqueIdentifier>
      <Extensions>rc;ico;cur;bmp;dlg;rc2;rct;bin;rgs;gif;jpg;jpeg;jpe;resx;tiff;tif;png;wav;mfcribbon-ms</Extensions>
    </Filter>
    <Filter Include="header">
      <UniqueIdentifier>{93995380-89BD-4b04-88EB-625FBE52EBFB}</UniqueIdentifier>
      <Extensions>h;hh;hpp;hxx;hm;inl;inc;xsd</Extensions>
    </Filter>
    <Filter Include="source">
      <UniqueIdentifier>{4FC737F1-C7A5-4376-A066-2A32D752A2FF}</UniqueIdentifier>
      <Extensions>cpp;c;cc;cxx;def;odl;idl;hpj;bat;asm;asmx</Extensions>
    </Filter>
    <Filter Include="header\lex">
      <UniqueIdentifier>{dc3e9dbb-5fcc-4179-b066-7fe1c94f67ab}</UniqueIdentifier>
    </Filter>
    <Filter Include="header\symbol">
      <UniqueIdentifier>{1a9bf98a-16c5-41a6-9ae5-d7fe033cad7d}</UniqueIdentifier>
    </Filter>
    <Filter Include="header\parser">
      <UniqueIdentifier>{3305b206-1601-40cf-ac69-e3264774f78c}</UniqueIdentifier>
    </Filter>
    <Filter Include="source\lex">
      <UniqueIdentifier>{a450e28b-6b9b-4cca-b0b4-577700327117}</UniqueIdentifier>
    </Filter>
    <Filter Include="source\parser">
      <UniqueIdentifier>{1fffbc65-56b1-4a31-ade7-93b9336a4c85}</UniqueIdentifier>
    </Filter>
    <Filter Include="source\symbol">
      <UniqueIdentifier>{5e7bf523-41c1-4245-ab5f-3894ef82988a}</UniqueIdentifier>
    </Filter>
    <Filter Include="header\common">
      <UniqueIdentifier>{746c619a-22e9-4615-b77e-fba0a7316c32}</UniqueIdentifier>
    </Filter>
    <Filter Include="source\common">
      <UniqueIdentifier>{8084cfb6-8b04-491b-ae88-b1fde0221fdd}</UniqueIdentifier>
    </Filter>
  </ItemGroup>
  <ItemGroup>
    <Text Include="ReadMe.txt" />
  </ItemGroup>
  <ItemGroup>
    <ClCompile Include="ShaderCpp.cpp">
      <Filter>source</Filter>
    </ClCompile>
    <ClCompile Include="lex\Class.cpp">
      <Filter>source\lex</Filter>
    </ClCompile>
    <ClCompile Include="lex\Field.cpp">
      <Filter>source\lex</Filter>
    </ClCompile>
    <ClCompile Include="lex\Lexer.cpp">
      <Filter>source\lex</Filter>
    </ClCompile>
    <ClCompile Include="lex\Token.cpp">
      <Filter>source\lex</Filter>
    </ClCompile>
    <ClCompile Include="common\Common.cpp">
      <Filter>source\common</Filter>
    </ClCompile>
    <ClCompile Include="symbol\Symbol.cpp">
      <Filter>source\symbol</Filter>
    </ClCompile>
    <ClCompile Include="parser\Parser.cpp">
      <Filter>source\parser</Filter>
    </ClCompile>
    <ClCompile Include="common\Object.cpp">
      <Filter>source\common</Filter>
    </ClCompile>
  </ItemGroup>
  <ItemGroup>
    <ClInclude Include="lex\Class.h">
      <Filter>header\lex</Filter>
    </ClInclude>
    <ClInclude Include="lex\Field.h">
      <Filter>header\lex</Filter>
    </ClInclude>
    <ClInclude Include="lex\Lexer.h">
      <Filter>header\lex</Filter>
    </ClInclude>
    <ClInclude Include="common\Common.h">
      <Filter>header\common</Filter>
    </ClInclude>
    <ClInclude Include="parser\Parser.h">
      <Filter>header\parser</Filter>
    </ClInclude>
    <ClInclude Include="symbol\Symbol.h">
      <Filter>header\symbol</Filter>
    </ClInclude>
    <ClInclude Include="common\Object.h">
      <Filter>header\common</Filter>
    </ClInclude>
    <ClInclude Include="lex\Token.h">
      <Filter>header\lex</Filter>
    </ClInclude>
  </ItemGroup>
</Project>